
Microsoft Visual Studio Solution File, Format Version 12.00
# Visual Studio Version 17
VisualStudioVersion = 17.0.31903.59
MinimumVisualStudioVersion = 10.0.40219.1
Project("{FAE04EC0-301F-11D3-BF4B-00C04F79EFBC}") = "Biblioteca.Aplicacion", "Biblioteca.Aplicacion\Biblioteca.Aplicacion.csproj", "{45917201-D0CB-4A47-84ED-F613D33D39FF}"
EndProject
Project("{FAE04EC0-301F-11D3-BF4B-00C04F79EFBC}") = "Biblioteca.Repositorios", "Biblioteca.Repositorios\Biblioteca.Repositorios.csproj", "{B26B62E5-3D83-46CE-8A82-8E6171C0CA2E}"
EndProject
Project("{FAE04EC0-301F-11D3-BF4B-00C04F79EFBC}") = "Boblioteca.UI", "Biblioteca.UI\Boblioteca.UI.csproj", "{6904C496-78E1-41E6-888A-E92F3F2474B1}"
EndProject
Global
	GlobalSection(SolutionConfigurationPlatforms) = preSolution
		Debug|Any CPU = Debug|Any CPU
		Release|Any CPU = Release|Any CPU
	EndGlobalSection
	GlobalSection(SolutionProperties) = preSolution
		HideSolutionNode = FALSE
	EndGlobalSection
	GlobalSection(ProjectConfigurationPlatforms) = postSolution
		{45917201-D0CB-4A47-84ED-F613D33D39FF}.Debug|Any CPU.ActiveCfg = Debug|Any CPU
		{45917201-D0CB-4A47-84ED-F613D33D39FF}.Debug|Any CPU.Build.0 = Debug|Any CPU
		{45917201-D0CB-4A47-84ED-F613D33D39FF}.Release|Any CPU.ActiveCfg = Release|Any CPU
		{45917201-D0CB-4A47-84ED-F613D33D39FF}.Release|Any CPU.Build.0 = Release|Any CPU
		{B26B62E5-3D83-46CE-8A82-8E6171C0CA2E}.Debug|Any CPU.ActiveCfg = Debug|Any CPU
		{B26B62E5-3D83-46CE-8A82-8E6171C0CA2E}.Debug|Any CPU.Build.0 = Debug|Any CPU
		{B26B62E5-3D83-46CE-8A82-8E6171C0CA2E}.Release|Any CPU.ActiveCfg = Release|Any CPU
		{B26B62E5-3D83-46CE-8A82-8E6171C0CA2E}.Release|Any CPU.Build.0 = Release|Any CPU
		{6904C496-78E1-41E6-888A-E92F3F2474B1}.Debug|Any CPU.ActiveCfg = Debug|Any CPU
		{6904C496-78E1-41E6-888A-E92F3F2474B1}.Debug|Any CPU.Build.0 = Debug|Any CPU
		{6904C496-78E1-41E6-888A-E92F3F2474B1}.Release|Any CPU.ActiveCfg = Release|Any CPU
		{6904C496-78E1-41E6-888A-E92F3F2474B1}.Release|Any CPU.Build.0 = Release|Any CPU
	EndGlobalSection
EndGlobal
